
Microsoft Visual Studio Solution File, Format Version 12.00
# Visual Studio Version 17
VisualStudioVersion = 17.5.33516.290
MinimumVisualStudioVersion = 10.0.40219.1
Project("{FAE04EC0-301F-11D3-BF4B-00C04F79EFBC}") = "Input_output", "Input_output.csproj", "{A7535A7F-EC76-47E9-8D31-B4CF6279ABD6}"
EndProject
Global
	GlobalSection(SolutionConfigurationPlatforms) = preSolution
		Debug|Any CPU = Debug|Any CPU
		Release|Any CPU = Release|Any CPU
	EndGlobalSection
	GlobalSection(ProjectConfigurationPlatforms) = postSolution
		{A7535A7F-EC76-47E9-8D31-B4CF6279ABD6}.Debug|Any CPU.ActiveCfg = Debug|Any CPU
		{A7535A7F-EC76-47E9-8D31-B4CF6279ABD6}.Debug|Any CPU.Build.0 = Debug|Any CPU
		{A7535A7F-EC76-47E9-8D31-B4CF6279ABD6}.Release|Any CPU.ActiveCfg = Release|Any CPU
		{A7535A7F-EC76-47E9-8D31-B4CF6279ABD6}.Release|Any CPU.Build.0 = Release|Any CPU
	EndGlobalSection
	GlobalSection(SolutionProperties) = preSolution
		HideSolutionNode = FALSE
	EndGlobalSection
	GlobalSection(ExtensibilityGlobals) = postSolution
		SolutionGuid = {D8E04B51-5681-4E89-A0B7-0FA6FBC70687}
	EndGlobalSection
EndGlobal
